
Microsoft Visual Studio Solution File, Format Version 12.00
Project("{FAE04EC0-301F-11D3-BF4B-00C04F79EFBC}") = "ConsoleUI", "ConsoleUI\ConsoleUI.csproj", "{21805431-F0AF-4A07-86DF-2ED5F7FF86B3}"
EndProject
Project("{FAE04EC0-301F-11D3-BF4B-00C04F79EFBC}") = "DataManager", "DataManager\DataManager.csproj", "{17739F92-0C2E-45AE-9692-8851A83DB807}"
EndProject
Global
	GlobalSection(SolutionConfigurationPlatforms) = preSolution
		Debug|Any CPU = Debug|Any CPU
		Release|Any CPU = Release|Any CPU
	EndGlobalSection
	GlobalSection(ProjectConfigurationPlatforms) = postSolution
		{21805431-F0AF-4A07-86DF-2ED5F7FF86B3}.Release|Any CPU.ActiveCfg = Release|Any CPU
		{21805431-F0AF-4A07-86DF-2ED5F7FF86B3}.Release|Any CPU.Build.0 = Release|Any CPU
		{21805431-F0AF-4A07-86DF-2ED5F7FF86B3}.Debug|Any CPU.ActiveCfg = Debug|Any CPU
		{21805431-F0AF-4A07-86DF-2ED5F7FF86B3}.Debug|Any CPU.Build.0 = Debug|Any CPU
		{17739F92-0C2E-45AE-9692-8851A83DB807}.Release|Any CPU.ActiveCfg = Release|Any CPU
		{17739F92-0C2E-45AE-9692-8851A83DB807}.Release|Any CPU.Build.0 = Release|Any CPU
		{17739F92-0C2E-45AE-9692-8851A83DB807}.Debug|Any CPU.ActiveCfg = Debug|Any CPU
		{17739F92-0C2E-45AE-9692-8851A83DB807}.Debug|Any CPU.Build.0 = Debug|Any CPU
	EndGlobalSection
EndGlobal
